
Microsoft Visual Studio Solution File, Format Version 12.00
# Visual Studio Version 17
VisualStudioVersion = 17.3.32922.545
MinimumVisualStudioVersion = 10.0.40219.1
Project("{FAE04EC0-301F-11D3-BF4B-00C04F79EFBC}") = "BlazorPWA.Server", "BlazorPWA\Server\BlazorPWA.Server.csproj", "{33BB120A-D9EA-4F59-879C-B4744DB58956}"
EndProject
Project("{FAE04EC0-301F-11D3-BF4B-00C04F79EFBC}") = "BlazorPWA.Client", "BlazorPWA\Client\BlazorPWA.Client.csproj", "{139E1B0E-B818-4CE6-8B86-EBE41F030C34}"
EndProject
Project("{FAE04EC0-301F-11D3-BF4B-00C04F79EFBC}") = "BlazorPWA.Shared", "BlazorPWA\Shared\BlazorPWA.Shared.csproj", "{4BC08801-6D7F-4792-8CEC-E2FF999D8355}"
EndProject
Global
	GlobalSection(SolutionConfigurationPlatforms) = preSolution
		Debug|Any CPU = Debug|Any CPU
		Release|Any CPU = Release|Any CPU
	EndGlobalSection
	GlobalSection(ProjectConfigurationPlatforms) = postSolution
		{33BB120A-D9EA-4F59-879C-B4744DB58956}.Debug|Any CPU.ActiveCfg = Debug|Any CPU
		{33BB120A-D9EA-4F59-879C-B4744DB58956}.Debug|Any CPU.Build.0 = Debug|Any CPU
		{33BB120A-D9EA-4F59-879C-B4744DB58956}.Release|Any CPU.ActiveCfg = Release|Any CPU
		{33BB120A-D9EA-4F59-879C-B4744DB58956}.Release|Any CPU.Build.0 = Release|Any CPU
		{139E1B0E-B818-4CE6-8B86-EBE41F030C34}.Debug|Any CPU.ActiveCfg = Debug|Any CPU
		{139E1B0E-B818-4CE6-8B86-EBE41F030C34}.Debug|Any CPU.Build.0 = Debug|Any CPU
		{139E1B0E-B818-4CE6-8B86-EBE41F030C34}.Release|Any CPU.ActiveCfg = Release|Any CPU
		{139E1B0E-B818-4CE6-8B86-EBE41F030C34}.Release|Any CPU.Build.0 = Release|Any CPU
		{4BC08801-6D7F-4792-8CEC-E2FF999D8355}.Debug|Any CPU.ActiveCfg = Debug|Any CPU
		{4BC08801-6D7F-4792-8CEC-E2FF999D8355}.Debug|Any CPU.Build.0 = Debug|Any CPU
		{4BC08801-6D7F-4792-8CEC-E2FF999D8355}.Release|Any CPU.ActiveCfg = Release|Any CPU
		{4BC08801-6D7F-4792-8CEC-E2FF999D8355}.Release|Any CPU.Build.0 = Release|Any CPU
	EndGlobalSection
	GlobalSection(SolutionProperties) = preSolution
		HideSolutionNode = FALSE
	EndGlobalSection
	GlobalSection(ExtensibilityGlobals) = postSolution
		SolutionGuid = {677B261A-41B8-429E-9ECB-00814153D253}
	EndGlobalSection
EndGlobal
